// !$*UTF8*$!
{
	archiveVersion = 1;
	classes = {
	};
	objectVersion = 48;
	objects = {

/* Begin PBXBuildFile section */
		E54D1F421F75D52A004CFEF7 /* AppDelegate.swift in Sources */ = {isa = PBXBuildFile; fileRef = E54D1F411F75D52A004CFEF7 /* AppDelegate.swift */; };
		E54D1F441F75D52A004CFEF7 /* ViewController.swift in Sources */ = {isa = PBXBuildFile; fileRef = E54D1F431F75D52A004CFEF7 /* ViewController.swift */; };
		E54D1F471F75D52A004CFEF7 /* Main.storyboard in Resources */ = {isa = PBXBuildFile; fileRef = E54D1F451F75D52A004CFEF7 /* Main.storyboard */; };
		E54D1F4A1F75D52A004CFEF7 /* To_Do_List2.xcdatamodeld in Sources */ = {isa = PBXBuildFile; fileRef = E54D1F481F75D52A004CFEF7 /* To_Do_List2.xcdatamodeld */; };
		E54D1F4C1F75D52A004CFEF7 /* Assets.xcassets in Resources */ = {isa = PBXBuildFile; fileRef = E54D1F4B1F75D52A004CFEF7 /* Assets.xcassets */; };
		E54D1F4F1F75D52A004CFEF7 /* LaunchScreen.storyboard in Resources */ = {isa = PBXBuildFile; fileRef = E54D1F4D1F75D52A004CFEF7 /* LaunchScreen.storyboard */; };
		E54D1F5A1F75D52A004CFEF7 /* To_Do_List2Tests.swift in Sources */ = {isa = PBXBuildFile; fileRef = E54D1F591F75D52A004CFEF7 /* To_Do_List2Tests.swift */; };
		E54D1F651F75D52A004CFEF7 /* To_Do_List2UITests.swift in Sources */ = {isa = PBXBuildFile; fileRef = E54D1F641F75D52A004CFEF7 /* To_Do_List2UITests.swift */; };
		E54D1F731F75DB74004CFEF7 /* DetailViewController.swift in Sources */ = {isa = PBXBuildFile; fileRef = E54D1F721F75DB74004CFEF7 /* DetailViewController.swift */; };
/* End PBXBuildFile section */

/* Begin PBXContainerItemProxy section */
		E54D1F561F75D52A004CFEF7 /* PBXContainerItemProxy */ = {
			isa = PBXContainerItemProxy;
			containerPortal = E54D1F361F75D52A004CFEF7 /* Project object */;
			proxyType = 1;
			remoteGlobalIDString = E54D1F3D1F75D52A004CFEF7;
			remoteInfo = "To Do List2";
		};
		E54D1F611F75D52A004CFEF7 /* PBXContainerItemProxy */ = {
			isa = PBXContainerItemProxy;
			containerPortal = E54D1F361F75D52A004CFEF7 /* Project object */;
			proxyType = 1;
			remoteGlobalIDString = E54D1F3D1F75D52A004CFEF7;
			remoteInfo = "To Do List2";
		};
/* End PBXContainerItemProxy section */

/* Begin PBXFileReference section */
		E54D1F3E1F75D52A004CFEF7 /* To Do List2.app */ = {isa = PBXFileReference; explicitFileType = wrapper.application; includeInIndex = 0; path = "To Do List2.app"; sourceTree = BUILT_PRODUCTS_DIR; };
		E54D1F411F75D52A004CFEF7 /* AppDelegate.swift */ = {isa = PBXFileReference; lastKnownFileType = sourcecode.swift; path = AppDelegate.swift; sourceTree = "<group>"; };
		E54D1F431F75D52A004CFEF7 /* ViewController.swift */ = {isa = PBXFileReference; lastKnownFileType = sourcecode.swift; path = ViewController.swift; sourceTree = "<group>"; };
		E54D1F461F75D52A004CFEF7 /* Base */ = {isa = PBXFileReference; lastKnownFileType = file.storyboard; name = Base; path = Base.lproj/Main.storyboard; sourceTree = "<group>"; };
		E54D1F491F75D52A004CFEF7 /* To_Do_List2.xcdatamodel */ = {isa = PBXFileReference; lastKnownFileType = wrapper.xcdatamodel; path = To_Do_List2.xcdatamodel; sourceTree = "<group>"; };
		E54D1F4B1F75D52A004CFEF7 /* Assets.xcassets */ = {isa = PBXFileReference; lastKnownFileType = folder.assetcatalog; path = Assets.xcassets; sourceTree = "<group>"; };
		E54D1F4E1F75D52A004CFEF7 /* Base */ = {isa = PBXFileReference; lastKnownFileType = file.storyboard; name = Base; path = Base.lproj/LaunchScreen.storyboard; sourceTree = "<group>"; };
		E54D1F501F75D52A004CFEF7 /* Info.plist */ = {isa = PBXFileReference; lastKnownFileType = text.plist.xml; path = Info.plist; sourceTree = "<group>"; };
		E54D1F551F75D52A004CFEF7 /* To Do List2Tests.xctest */ = {isa = PBXFileReference; explicitFileType = wrapper.cfbundle; includeInIndex = 0; path = "To Do List2Tests.xctest"; sourceTree = BUILT_PRODUCTS_DIR; };
		E54D1F591F75D52A004CFEF7 /* To_Do_List2Tests.swift */ = {isa = PBXFileReference; lastKnownFileType = sourcecode.swift; path = To_Do_List2Tests.swift; sourceTree = "<group>"; };
		E54D1F5B1F75D52A004CFEF7 /* Info.plist */ = {isa = PBXFileReference; lastKnownFileType = text.plist.xml; path = Info.plist; sourceTree = "<group>"; };
		E54D1F601F75D52A004CFEF7 /* To Do List2UITests.xctest */ = {isa = PBXFileReference; explicitFileType = wrapper.cfbundle; includeInIndex = 0; path = "To Do List2UITests.xctest"; sourceTree = BUILT_PRODUCTS_DIR; };
		E54D1F641F75D52A004CFEF7 /* To_Do_List2UITests.swift */ = {isa = PBXFileReference; lastKnownFileType = sourcecode.swift; path = To_Do_List2UITests.swift; sourceTree = "<group>"; };
		E54D1F661F75D52A004CFEF7 /* Info.plist */ = {isa = PBXFileReference; lastKnownFileType = text.plist.xml; path = Info.plist; sourceTree = "<group>"; };
		E54D1F721F75DB74004CFEF7 /* DetailViewController.swift */ = {isa = PBXFileReference; lastKnownFileType = sourcecode.swift; path = DetailViewController.swift; sourceTree = "<group>"; };
/* End PBXFileReference section */

/* Begin PBXFrameworksBuildPhase section */
		E54D1F3B1F75D52A004CFEF7 /* Frameworks */ = {
			isa = PBXFrameworksBuildPhase;
			buildActionMask = 2147483647;
			files = (
			);
			runOnlyForDeploymentPostprocessing = 0;
		};
		E54D1F521F75D52A004CFEF7 /* Frameworks */ = {
			isa = PBXFrameworksBuildPhase;
			buildActionMask = 2147483647;
			files = (
			);
			runOnlyForDeploymentPostprocessing = 0;
		};
		E54D1F5D1F75D52A004CFEF7 /* Frameworks */ = {
			isa = PBXFrameworksBuildPhase;
			buildActionMask = 2147483647;
			files = (
			);
			runOnlyForDeploymentPostprocessing = 0;
		};
/* End PBXFrameworksBuildPhase section */

/* Begin PBXGroup section */
		E54D1F351F75D52A004CFEF7 = {
			isa = PBXGroup;
			children = (
				E54D1F401F75D52A004CFEF7 /* To Do List2 */,
				E54D1F581F75D52A004CFEF7 /* To Do List2Tests */,
				E54D1F631F75D52A004CFEF7 /* To Do List2UITests */,
				E54D1F3F1F75D52A004CFEF7 /* Products */,
			);
			sourceTree = "<group>";
		};
		E54D1F3F1F75D52A004CFEF7 /* Products */ = {
			isa = PBXGroup;
			children = (
				E54D1F3E1F75D52A004CFEF7 /* To Do List2.app */,
				E54D1F551F75D52A004CFEF7 /* To Do List2Tests.xctest */,
				E54D1F601F75D52A004CFEF7 /* To Do List2UITests.xctest */,
			);
			name = Products;
			sourceTree = "<group>";
		};
		E54D1F401F75D52A004CFEF7 /* To Do List2 */ = {
			isa = PBXGroup;
			children = (
				E54D1F411F75D52A004CFEF7 /* AppDelegate.swift */,
				E54D1F431F75D52A004CFEF7 /* ViewController.swift */,
				E54D1F721F75DB74004CFEF7 /* DetailViewController.swift */,
				E54D1F451F75D52A004CFEF7 /* Main.storyboard */,
				E54D1F4B1F75D52A004CFEF7 /* Assets.xcassets */,
				E54D1F4D1F75D52A004CFEF7 /* LaunchScreen.storyboard */,
				E54D1F501F75D52A004CFEF7 /* Info.plist */,
				E54D1F481F75D52A004CFEF7 /* To_Do_List2.xcdatamodeld */,
			);
			path = "To Do List2";
			sourceTree = "<group>";
		};
		E54D1F581F75D52A004CFEF7 /* To Do List2Tests */ = {
			isa = PBXGroup;
			children = (
				E54D1F591F75D52A004CFEF7 /* To_Do_List2Tests.swift */,
				E54D1F5B1F75D52A004CFEF7 /* Info.plist */,
			);
			path = "To Do List2Tests";
			sourceTree = "<group>";
		};
		E54D1F631F75D52A004CFEF7 /* To Do List2UITests */ = {
			isa = PBXGroup;
			children = (
				E54D1F641F75D52A004CFEF7 /* To_Do_List2UITests.swift */,
				E54D1F661F75D52A004CFEF7 /* Info.plist */,
			);
			path = "To Do List2UITests";
			sourceTree = "<group>";
		};
/* End PBXGroup section */

/* Begin PBXNativeTarget section */
		E54D1F3D1F75D52A004CFEF7 /* To Do List2 */ = {
			isa = PBXNativeTarget;
			buildConfigurationList = E54D1F691F75D52A004CFEF7 /* Build configuration list for PBXNativeTarget "To Do List2" */;
			buildPhases = (
				E54D1F3A1F75D52A004CFEF7 /* Sources */,
				E54D1F3B1F75D52A004CFEF7 /* Frameworks */,
				E54D1F3C1F75D52A004CFEF7 /* Resources */,
			);
			buildRules = (
			);
			dependencies = (
			);
			name = "To Do List2";
			productName = "To Do List2";
			productReference = E54D1F3E1F75D52A004CFEF7 /* To Do List2.app */;
			productType = "com.apple.product-type.application";
		};
		E54D1F541F75D52A004CFEF7 /* To Do List2Tests */ = {
			isa = PBXNativeTarget;
			buildConfigurationList = E54D1F6C1F75D52A004CFEF7 /* Build configuration list for PBXNativeTarget "To Do List2Tests" */;
			buildPhases = (
				E54D1F511F75D52A004CFEF7 /* Sources */,
				E54D1F521F75D52A004CFEF7 /* Frameworks */,
				E54D1F531F75D52A004CFEF7 /* Resources */,
			);
			buildRules = (
			);
			dependencies = (
				E54D1F571F75D52A004CFEF7 /* PBXTargetDependency */,
			);
			name = "To Do List2Tests";
			productName = "To Do List2Tests";
			productReference = E54D1F551F75D52A004CFEF7 /* To Do List2Tests.xctest */;
			productType = "com.apple.product-type.bundle.unit-test";
		};
		E54D1F5F1F75D52A004CFEF7 /* To Do List2UITests */ = {
			isa = PBXNativeTarget;
			buildConfigurationList = E54D1F6F1F75D52A004CFEF7 /* Build configuration list for PBXNativeTarget "To Do List2UITests" */;
			buildPhases = (
				E54D1F5C1F75D52A004CFEF7 /* Sources */,
				E54D1F5D1F75D52A004CFEF7 /* Frameworks */,
				E54D1F5E1F75D52A004CFEF7 /* Resources */,
			);
			buildRules = (
			);
			dependencies = (
				E54D1F621F75D52A004CFEF7 /* PBXTargetDependency */,
			);
			name = "To Do List2UITests";
			productName = "To Do List2UITests";
			productReference = E54D1F601F75D52A004CFEF7 /* To Do List2UITests.xctest */;
			productType = "com.apple.product-type.bundle.ui-testing";
		};
/* End PBXNativeTarget section */

/* Begin PBXProject section */
		E54D1F361F75D52A004CFEF7 /* Project object */ = {
			isa = PBXProject;
			attributes = {
				LastSwiftUpdateCheck = 0900;
				LastUpgradeCheck = 0900;
				ORGANIZATIONNAME = Krameisen;
				TargetAttributes = {
					E54D1F3D1F75D52A004CFEF7 = {
						CreatedOnToolsVersion = 9.0;
						ProvisioningStyle = Automatic;
					};
					E54D1F541F75D52A004CFEF7 = {
						CreatedOnToolsVersion = 9.0;
						ProvisioningStyle = Automatic;
						TestTargetID = E54D1F3D1F75D52A004CFEF7;
					};
					E54D1F5F1F75D52A004CFEF7 = {
						CreatedOnToolsVersion = 9.0;
						ProvisioningStyle = Automatic;
						TestTargetID = E54D1F3D1F75D52A004CFEF7;
					};
				};
			};
			buildConfigurationList = E54D1F391F75D52A004CFEF7 /* Build configuration list for PBXProject "To Do List2" */;
			compatibilityVersion = "Xcode 8.0";
			developmentRegion = en;
			hasScannedForEncodings = 0;
			knownRegions = (
				en,
				Base,
			);
			mainGroup = E54D1F351F75D52A004CFEF7;
			productRefGroup = E54D1F3F1F75D52A004CFEF7 /* Products */;
			projectDirPath = "";
			projectRoot = "";
			targets = (
				E54D1F3D1F75D52A004CFEF7 /* To Do List2 */,
				E54D1F541F75D52A004CFEF7 /* To Do List2Tests */,
				E54D1F5F1F75D52A004CFEF7 /* To Do List2UITests */,
			);
		};
/* End PBXProject section */

/* Begin PBXResourcesBuildPhase section */
		E54D1F3C1F75D52A004CFEF7 /* Resources */ = {
			isa = PBXResourcesBuildPhase;
			buildActionMask = 2147483647;
			files = (
				E54D1F4F1F75D52A004CFEF7 /* LaunchScreen.storyboard in Resources */,
				E54D1F4C1F75D52A004CFEF7 /* Assets.xcassets in Resources */,
				E54D1F471F75D52A004CFEF7 /* Main.storyboard in Resources */,
			);
			runOnlyForDeploymentPostprocessing = 0;
		};
		E54D1F531F75D52A004CFEF7 /* Resources */ = {
			isa = PBXResourcesBuildPhase;
			buildActionMask = 2147483647;
			files = (
			);
			runOnlyForDeploymentPostprocessing = 0;
		};
		E54D1F5E1F75D52A004CFEF7 /* Resources */ = {
			isa = PBXResourcesBuildPhase;
			buildActionMask = 2147483647;
			files = (
			);
			runOnlyForDeploymentPostprocessing = 0;
		};
/* End PBXResourcesBuildPhase section */

/* Begin PBXSourcesBuildPhase section */
		E54D1F3A1F75D52A004CFEF7 /* Sources */ = {
			isa = PBXSourcesBuildPhase;
			buildActionMask = 2147483647;
			files = (
				E54D1F441F75D52A004CFEF7 /* ViewController.swift in Sources */,
				E54D1F421F75D52A004CFEF7 /* AppDelegate.swift in Sources */,
				E54D1F4A1F75D52A004CFEF7 /* To_Do_List2.xcdatamodeld in Sources */,
				E54D1F731F75DB74004CFEF7 /* DetailViewController.swift in Sources */,
			);
			runOnlyForDeploymentPostprocessing = 0;
		};
		E54D1F511F75D52A004CFEF7 /* Sources */ = {
			isa = PBXSourcesBuildPhase;
			buildActionMask = 2147483647;
			files = (
				E54D1F5A1F75D52A004CFEF7 /* To_Do_List2Tests.swift in Sources */,
			);
			runOnlyForDeploymentPostprocessing = 0;
		};
		E54D1F5C1F75D52A004CFEF7 /* Sources */ = {
			isa = PBXSourcesBuildPhase;
			buildActionMask = 2147483647;
			files = (
				E54D1F651F75D52A004CFEF7 /* To_Do_List2UITests.swift in Sources */,
			);
			runOnlyForDeploymentPostprocessing = 0;
		};
/* End PBXSourcesBuildPhase section */

/* Begin PBXTargetDependency section */
		E54D1F571F75D52A004CFEF7 /* PBXTargetDependency */ = {
			isa = PBXTargetDependency;
			target = E54D1F3D1F75D52A004CFEF7 /* To Do List2 */;
			targetProxy = E54D1F561F75D52A004CFEF7 /* PBXContainerItemProxy */;
		};
		E54D1F621F75D52A004CFEF7 /* PBXTargetDependency */ = {
			isa = PBXTargetDependency;
			target = E54D1F3D1F75D52A004CFEF7 /* To Do List2 */;
			targetProxy = E54D1F611F75D52A004CFEF7 /* PBXContainerItemProxy */;
		};
/* End PBXTargetDependency section */

/* Begin PBXVariantGroup section */
		E54D1F451F75D52A004CFEF7 /* Main.storyboard */ = {
			isa = PBXVariantGroup;
			children = (
				E54D1F461F75D52A004CFEF7 /* Base */,
			);
			name = Main.storyboard;
			sourceTree = "<group>";
		};
		E54D1F4D1F75D52A004CFEF7 /* LaunchScreen.storyboard */ = {
			isa = PBXVariantGroup;
			children = (
				E54D1F4E1F75D52A004CFEF7 /* Base */,
			);
			name = LaunchScreen.storyboard;
			sourceTree = "<group>";
		};
/* End PBXVariantGroup section */

/* Begin XCBuildConfiguration section */
		E54D1F671F75D52A004CFEF7 /* Debug */ = {
			isa = XCBuildConfiguration;
			buildSettings = {
				ALWAYS_SEARCH_USER_PATHS = NO;
				CLANG_ANALYZER_NONNULL = YES;
				CLANG_ANALYZER_NUMBER_OBJECT_CONVERSION = YES_AGGRESSIVE;
				CLANG_CXX_LANGUAGE_STANDARD = "gnu++14";
				CLANG_CXX_LIBRARY = "libc++";
				CLANG_ENABLE_MODULES = YES;
				CLANG_ENABLE_OBJC_ARC = YES;
				CLANG_WARN_BLOCK_CAPTURE_AUTORELEASING = YES;
				CLANG_WARN_BOOL_CONVERSION = YES;
				CLANG_WARN_COMMA = YES;
				CLANG_WARN_CONSTANT_CONVERSION = YES;
				CLANG_WARN_DIRECT_OBJC_ISA_USAGE = YES_ERROR;
				CLANG_WARN_DOCUMENTATION_COMMENTS = YES;
				CLANG_WARN_EMPTY_BODY = YES;
				CLANG_WARN_ENUM_CONVERSION = YES;
				CLANG_WARN_INFINITE_RECURSION = YES;
				CLANG_WARN_INT_CONVERSION = YES;
				CLANG_WARN_NON_LITERAL_NULL_CONVERSION = YES;
				CLANG_WARN_OBJC_LITERAL_CONVERSION = YES;
				CLANG_WARN_OBJC_ROOT_CLASS = YES_ERROR;
				CLANG_WARN_RANGE_LOOP_ANALYSIS = YES;
				CLANG_WARN_STRICT_PROTOTYPES = YES;
				CLANG_WARN_SUSPICIOUS_MOVE = YES;
				CLANG_WARN_UNGUARDED_AVAILABILITY = YES_AGGRESSIVE;
				CLANG_WARN_UNREACHABLE_CODE = YES;
				CLANG_WARN__DUPLICATE_METHOD_MATCH = YES;
				CODE_SIGN_IDENTITY = "iPhone Developer";
				COPY_PHASE_STRIP = NO;
				DEBUG_INFORMATION_FORMAT = dwarf;
				ENABLE_STRICT_OBJC_MSGSEND = YES;
				ENABLE_TESTABILITY = YES;
				GCC_C_LANGUAGE_STANDARD = gnu11;
				GCC_DYNAMIC_NO_PIC = NO;
				GCC_NO_COMMON_BLOCKS = YES;
				GCC_OPTIMIZATION_LEVEL = 0;
				GCC_PREPROCESSOR_DEFINITIONS = (
					"DEBUG=1",
					"$(inherited)",
				);
				GCC_WARN_64_TO_32_BIT_CONVERSION = YES;
				GCC_WARN_ABOUT_RETURN_TYPE = YES_ERROR;
				GCC_WARN_UNDECLARED_SELECTOR = YES;
				GCC_WARN_UNINITIALIZED_AUTOS = YES_AGGRESSIVE;
				GCC_WARN_UNUSED_FUNCTION = YES;
				GCC_WARN_UNUSED_VARIABLE = YES;
				IPHONEOS_DEPLOYMENT_TARGET = 11.0;
				MTL_ENABLE_DEBUG_INFO = YES;
				ONLY_ACTIVE_ARCH = YES;
				SDKROOT = iphoneos;
				SWIFT_ACTIVE_COMPILATION_CONDITIONS = DEBUG;
				SWIFT_OPTIMIZATION_LEVEL = "-Onone";
			};
			name = Debug;
		};
		E54D1F681F75D52A004CFEF7 /* Release */ = {
			isa = XCBuildConfiguration;
			buildSettings = {
				ALWAYS_SEARCH_USER_PATHS = NO;
				CLANG_ANALYZER_NONNULL = YES;
				CLANG_ANALYZER_NUMBER_OBJECT_CONVERSION = YES_AGGRESSIVE;
				CLANG_CXX_LANGUAGE_STANDARD = "gnu++14";
				CLANG_CXX_LIBRARY = "libc++";
				CLANG_ENABLE_MODULES = YES;
				CLANG_ENABLE_OBJC_ARC = YES;
				CLANG_WARN_BLOCK_CAPTURE_AUTORELEASING = YES;
				CLANG_WARN_BOOL_CONVERSION = YES;
				CLANG_WARN_COMMA = YES;
				CLANG_WARN_CONSTANT_CONVERSION = YES;
				CLANG_WARN_DIRECT_OBJC_ISA_USAGE = YES_ERROR;
				CLANG_WARN_DOCUMENTATION_COMMENTS = YES;
				CLANG_WARN_EMPTY_BODY = YES;
				CLANG_WARN_ENUM_CONVERSION = YES;
				CLANG_WARN_INFINITE_RECURSION = YES;
				CLANG_WARN_INT_CONVERSION = YES;
				CLANG_WARN_NON_LITERAL_NULL_CONVERSION = YES;
				CLANG_WARN_OBJC_LITERAL_CONVERSION = YES;
				CLANG_WARN_OBJC_ROOT_CLASS = YES_ERROR;
				CLANG_WARN_RANGE_LOOP_ANALYSIS = YES;
				CLANG_WARN_STRICT_PROTOTYPES = YES;
				CLANG_WARN_SUSPICIOUS_MOVE = YES;
				CLANG_WARN_UNGUARDED_AVAILABILITY = YES_AGGRESSIVE;
				CLANG_WARN_UNREACHABLE_CODE = YES;
				CLANG_WARN__DUPLICATE_METHOD_MATCH = YES;
				CODE_SIGN_IDENTITY = "iPhone Developer";
				COPY_PHASE_STRIP = NO;
				DEBUG_INFORMATION_FORMAT = "dwarf-with-dsym";
				ENABLE_NS_ASSERTIONS = NO;
				ENABLE_STRICT_OBJC_MSGSEND = YES;
				GCC_C_LANGUAGE_STANDARD = gnu11;
				GCC_NO_COMMON_BLOCKS = YES;
				GCC_WARN_64_TO_32_BIT_CONVERSION = YES;
				GCC_WARN_ABOUT_RETURN_TYPE = YES_ERROR;
				GCC_WARN_UNDECLARED_SELECTOR = YES;
				GCC_WARN_UNINITIALIZED_AUTOS = YES_AGGRESSIVE;
				GCC_WARN_UNUSED_FUNCTION = YES;
				GCC_WARN_UNUSED_VARIABLE = YES;
				IPHONEOS_DEPLOYMENT_TARGET = 11.0;
				MTL_ENABLE_DEBUG_INFO = NO;
				SDKROOT = iphoneos;
				SWIFT_OPTIMIZATION_LEVEL = "-Owholemodule";
				VALIDATE_PRODUCT = YES;
			};
			name = Release;
		};
		E54D1F6A1F75D52A004CFEF7 /* Debug */ = {
			isa = XCBuildConfiguration;
			buildSettings = {
				ASSETCATALOG_COMPILER_APPICON_NAME = AppIcon;
				CODE_SIGN_STYLE = Automatic;
				DEVELOPMENT_TEAM = 8D4JNP6C44;
				INFOPLIST_FILE = "To Do List2/Info.plist";
				LD_RUNPATH_SEARCH_PATHS = "$(inherited) @executable_path/Frameworks";
				PRODUCT_BUNDLE_IDENTIFIER = "com.krameisen.To-Do-List2";
				PRODUCT_NAME = "$(TARGET_NAME)";
				SWIFT_VERSION = 4.0;
				TARGETED_DEVICE_FAMILY = "1,2";
			};
			name = Debug;
		};
		E54D1F6B1F75D52A004CFEF7 /* Release */ = {
			isa = XCBuildConfiguration;
			buildSettings = {
				ASSETCATALOG_COMPILER_APPICON_NAME = AppIcon;
				CODE_SIGN_STYLE = Automatic;
				DEVELOPMENT_TEAM = 8D4JNP6C44;
				INFOPLIST_FILE = "To Do List2/Info.plist";
				LD_RUNPATH_SEARCH_PATHS = "$(inherited) @executable_path/Frameworks";
				PRODUCT_BUNDLE_IDENTIFIER = "com.krameisen.To-Do-List2";
				PRODUCT_NAME = "$(TARGET_NAME)";
				SWIFT_VERSION = 4.0;
				TARGETED_DEVICE_FAMILY = "1,2";
			};
			name = Release;
		};
		E54D1F6D1F75D52A004CFEF7 /* Debug */ = {
			isa = XCBuildConfiguration;
			buildSettings = {
				ALWAYS_EMBED_SWIFT_STANDARD_LIBRARIES = YES;
				BUNDLE_LOADER = "$(TEST_HOST)";
				CODE_SIGN_STYLE = Automatic;
				DEVELOPMENT_TEAM = 8D4JNP6C44;
				INFOPLIST_FILE = "To Do List2Tests/Info.plist";
				LD_RUNPATH_SEARCH_PATHS = "$(inherited) @executable_path/Frameworks @loader_path/Frameworks";
				PRODUCT_BUNDLE_IDENTIFIER = "com.krameisen.To-Do-List2Tests";
				PRODUCT_NAME = "$(TARGET_NAME)";
				SWIFT_VERSION = 4.0;
				TARGETED_DEVICE_FAMILY = "1,2";
				TEST_HOST = "$(BUILT_PRODUCTS_DIR)/To Do List2.app/To Do List2";
			};
			name = Debug;
		};
		E54D1F6E1F75D52A004CFEF7 /* Release */ = {
			isa = XCBuildConfiguration;
			buildSettings = {
				ALWAYS_EMBED_SWIFT_STANDARD_LIBRARIES = YES;
				BUNDLE_LOADER = "$(TEST_HOST)";
				CODE_SIGN_STYLE = Automatic;
				DEVELOPMENT_TEAM = 8D4JNP6C44;
				INFOPLIST_FILE = "To Do List2Tests/Info.plist";
				LD_RUNPATH_SEARCH_PATHS = "$(inherited) @executable_path/Frameworks @loader_path/Frameworks";
				PRODUCT_BUNDLE_IDENTIFIER = "com.krameisen.To-Do-List2Tests";
				PRODUCT_NAME = "$(TARGET_NAME)";
				SWIFT_VERSION = 4.0;
				TARGETED_DEVICE_FAMILY = "1,2";
				TEST_HOST = "$(BUILT_PRODUCTS_DIR)/To Do List2.app/To Do List2";
			};
			name = Release;
		};
		E54D1F701F75D52A004CFEF7 /* Debug */ = {
			isa = XCBuildConfiguration;
			buildSettings = {
				ALWAYS_EMBED_SWIFT_STANDARD_LIBRARIES = YES;
				CODE_SIGN_STYLE = Automatic;
				DEVELOPMENT_TEAM = 8D4JNP6C44;
				INFOPLIST_FILE = "To Do List2UITests/Info.plist";
				LD_RUNPATH_SEARCH_PATHS = "$(inherited) @executable_path/Frameworks @loader_path/Frameworks";
				PRODUCT_BUNDLE_IDENTIFIER = "com.krameisen.To-Do-List2UITests";
				PRODUCT_NAME = "$(TARGET_NAME)";
				SWIFT_VERSION = 4.0;
				TARGETED_DEVICE_FAMILY = "1,2";
				TEST_TARGET_NAME = "To Do List2";
			};
			name = Debug;
		};
		E54D1F711F75D52A004CFEF7 /* Release */ = {
			isa = XCBuildConfiguration;
			buildSettings = {
				ALWAYS_EMBED_SWIFT_STANDARD_LIBRARIES = YES;
				CODE_SIGN_STYLE = Automatic;
				DEVELOPMENT_TEAM = 8D4JNP6C44;
				INFOPLIST_FILE = "To Do List2UITests/Info.plist";
				LD_RUNPATH_SEARCH_PATHS = "$(inherited) @executable_path/Frameworks @loader_path/Frameworks";
				PRODUCT_BUNDLE_IDENTIFIER = "com.krameisen.To-Do-List2UITests";
				PRODUCT_NAME = "$(TARGET_NAME)";
				SWIFT_VERSION = 4.0;
				TARGETED_DEVICE_FAMILY = "1,2";
				TEST_TARGET_NAME = "To Do List2";
			};
			name = Release;
		};
/* End XCBuildConfiguration section */

/* Begin XCConfigurationList section */
		E54D1F391F75D52A004CFEF7 /* Build configuration list for PBXProject "To Do List2" */ = {
			isa = XCConfigurationList;
			buildConfigurations = (
				E54D1F671F75D52A004CFEF7 /* Debug */,
				E54D1F681F75D52A004CFEF7 /* Release */,
			);
			defaultConfigurationIsVisible = 0;
			defaultConfigurationName = Release;
		};
		E54D1F691F75D52A004CFEF7 /* Build configuration list for PBXNativeTarget "To Do List2" */ = {
			isa = XCConfigurationList;
			buildConfigurations = (
				E54D1F6A1F75D52A004CFEF7 /* Debug */,
				E54D1F6B1F75D52A004CFEF7 /* Release */,
			);
			defaultConfigurationIsVisible = 0;
			defaultConfigurationName = Release;
		};
		E54D1F6C1F75D52A004CFEF7 /* Build configuration list for PBXNativeTarget "To Do List2Tests" */ = {
			isa = XCConfigurationList;
			buildConfigurations = (
				E54D1F6D1F75D52A004CFEF7 /* Debug */,
				E54D1F6E1F75D52A004CFEF7 /* Release */,
			);
			defaultConfigurationIsVisible = 0;
			defaultConfigurationName = Release;
		};
		E54D1F6F1F75D52A004CFEF7 /* Build configuration list for PBXNativeTarget "To Do List2UITests" */ = {
			isa = XCConfigurationList;
			buildConfigurations = (
				E54D1F701F75D52A004CFEF7 /* Debug */,
				E54D1F711F75D52A004CFEF7 /* Release */,
			);
			defaultConfigurationIsVisible = 0;
			defaultConfigurationName = Release;
		};
/* End XCConfigurationList section */

/* Begin XCVersionGroup section */
		E54D1F481F75D52A004CFEF7 /* To_Do_List2.xcdatamodeld */ = {
			isa = XCVersionGroup;
			children = (
				E54D1F491F75D52A004CFEF7 /* To_Do_List2.xcdatamodel */,
			);
			currentVersion = E54D1F491F75D52A004CFEF7 /* To_Do_List2.xcdatamodel */;
			path = To_Do_List2.xcdatamodeld;
			sourceTree = "<group>";
			versionGroupType = wrapper.xcdatamodel;
		};
/* End XCVersionGroup section */
	};
	rootObject = E54D1F361F75D52A004CFEF7 /* Project object */;
}
